
Microsoft Visual Studio Solution File, Format Version 12.00
# Visual Studio Version 17
VisualStudioVersion = 17.4.33110.190
MinimumVisualStudioVersion = 10.0.40219.1
Project("{FAE04EC0-301F-11D3-BF4B-00C04F79EFBC}") = "FileNamer", "FileNamer\FileNamer.csproj", "{A7CC32A7-D3D0-4DAD-A3F5-458A8453A1AB}"
EndProject
Global
	GlobalSection(SolutionConfigurationPlatforms) = preSolution
		Debug|Any CPU = Debug|Any CPU
		Release|Any CPU = Release|Any CPU
	EndGlobalSection
	GlobalSection(ProjectConfigurationPlatforms) = postSolution
		{A7CC32A7-D3D0-4DAD-A3F5-458A8453A1AB}.Debug|Any CPU.ActiveCfg = Debug|Any CPU
		{A7CC32A7-D3D0-4DAD-A3F5-458A8453A1AB}.Debug|Any CPU.Build.0 = Debug|Any CPU
		{A7CC32A7-D3D0-4DAD-A3F5-458A8453A1AB}.Release|Any CPU.ActiveCfg = Release|Any CPU
		{A7CC32A7-D3D0-4DAD-A3F5-458A8453A1AB}.Release|Any CPU.Build.0 = Release|Any CPU
	EndGlobalSection
	GlobalSection(SolutionProperties) = preSolution
		HideSolutionNode = FALSE
	EndGlobalSection
	GlobalSection(ExtensibilityGlobals) = postSolution
		SolutionGuid = {85C56C59-AA01-47A1-8546-9C44C73F14B5}
	EndGlobalSection
EndGlobal
